
Microsoft Visual Studio Solution File, Format Version 12.00
# Visual Studio 14
VisualStudioVersion = 14.0.25420.1
MinimumVisualStudioVersion = 10.0.40219.1
Project("{FAE04EC0-301F-11D3-BF4B-00C04F79EFBC}") = "TFSTimesheetReport", "TFSTimesheetReport\TFSTimesheetReport.csproj", "{CCB4DC45-1AA3-40A8-AC2B-6F433889FBAC}"
EndProject
Global
	GlobalSection(SolutionConfigurationPlatforms) = preSolution
		Debug|Any CPU = Debug|Any CPU
		Release|Any CPU = Release|Any CPU
	EndGlobalSection
	GlobalSection(ProjectConfigurationPlatforms) = postSolution
		{CCB4DC45-1AA3-40A8-AC2B-6F433889FBAC}.Debug|Any CPU.ActiveCfg = Debug|Any CPU
		{CCB4DC45-1AA3-40A8-AC2B-6F433889FBAC}.Debug|Any CPU.Build.0 = Debug|Any CPU
		{CCB4DC45-1AA3-40A8-AC2B-6F433889FBAC}.Release|Any CPU.ActiveCfg = Release|Any CPU
		{CCB4DC45-1AA3-40A8-AC2B-6F433889FBAC}.Release|Any CPU.Build.0 = Release|Any CPU
	EndGlobalSection
	GlobalSection(SolutionProperties) = preSolution
		HideSolutionNode = FALSE
	EndGlobalSection
EndGlobal
